github.com/databricks/zerobus-sdk-go v0.2.1 h1:2/6pj7eCK0zr9sjhHHTzoeO2cBroQI60cASeuHfOALM=
github.com/databricks/zerobus-sdk-go v0.2.1/go.mod h1:DcqDF0CV91N7ok0JlmYymiHO6PP69dhxVI6xiveNI2s=
google.golang.org/protobuf v1.36.11 h1:fV6ZwhNocDyBLK0dj+fg8ektcVegBBuEolpbTQyBNVE=
google.golang.org/protobuf v1.36.11/go.mod h1:HTf+CrKn2C3g5S8VImy6tdcUvCska2kB7j23XfzDpco=
